
Microsoft Visual Studio Solution File, Format Version 12.00
# Visual Studio 14
VisualStudioVersion = 14.0.25420.1
MinimumVisualStudioVersion = 10.0.40219.1
Project("{FAE04EC0-301F-11D3-BF4B-00C04F79EFBC}") = "TeduShop.Common", "TeduShop.Common\TeduShop.Common.csproj", "{4A209451-ACFB-4E9F-A611-FDA5F1B2F7D8}"
EndProject
Project("{FAE04EC0-301F-11D3-BF4B-00C04F79EFBC}") = "TeduShop.Model", "TeduShop.Model\TeduShop.Model.csproj", "{6EBCCA0D-D53D-439F-A41F-A9294F76CDC7}"
EndProject
Project("{FAE04EC0-301F-11D3-BF4B-00C04F79EFBC}") = "TeduShop.Data", "TeduShop.Data\TeduShop.Data.csproj", "{24A099DE-D502-49DA-875F-BC7881511643}"
EndProject
Project("{FAE04EC0-301F-11D3-BF4B-00C04F79EFBC}") = "TeduShop.Service", "TeduShop.Service\TeduShop.Service.csproj", "{FB7DED5A-8C1F-48FC-A64F-6AF328CAEBF7}"
EndProject
Project("{FAE04EC0-301F-11D3-BF4B-00C04F79EFBC}") = "TeduShop.UnitTest", "TeduShop.UnitTest\TeduShop.UnitTest.csproj", "{CD85C411-6821-4927-A329-DA8016EC0F4B}"
EndProject
Project("{FAE04EC0-301F-11D3-BF4B-00C04F79EFBC}") = "TeduShop.Web", "TeduShop.Web\TeduShop.Web.csproj", "{6B0672AB-78FE-4BC9-A04D-7E47630E3791}"
EndProject
Global
	GlobalSection(SolutionConfigurationPlatforms) = preSolution
		Debug|Any CPU = Debug|Any CPU
		Release|Any CPU = Release|Any CPU
	EndGlobalSection
	GlobalSection(ProjectConfigurationPlatforms) = postSolution
		{4A209451-ACFB-4E9F-A611-FDA5F1B2F7D8}.Debug|Any CPU.ActiveCfg = Debug|Any CPU
		{4A209451-ACFB-4E9F-A611-FDA5F1B2F7D8}.Debug|Any CPU.Build.0 = Debug|Any CPU
		{4A209451-ACFB-4E9F-A611-FDA5F1B2F7D8}.Release|Any CPU.ActiveCfg = Release|Any CPU
		{4A209451-ACFB-4E9F-A611-FDA5F1B2F7D8}.Release|Any CPU.Build.0 = Release|Any CPU
		{6EBCCA0D-D53D-439F-A41F-A9294F76CDC7}.Debug|Any CPU.ActiveCfg = Debug|Any CPU
		{6EBCCA0D-D53D-439F-A41F-A9294F76CDC7}.Debug|Any CPU.Build.0 = Debug|Any CPU
		{6EBCCA0D-D53D-439F-A41F-A9294F76CDC7}.Release|Any CPU.ActiveCfg = Release|Any CPU
		{6EBCCA0D-D53D-439F-A41F-A9294F76CDC7}.Release|Any CPU.Build.0 = Release|Any CPU
		{24A099DE-D502-49DA-875F-BC7881511643}.Debug|Any CPU.ActiveCfg = Debug|Any CPU
		{24A099DE-D502-49DA-875F-BC7881511643}.Debug|Any CPU.Build.0 = Debug|Any CPU
		{24A099DE-D502-49DA-875F-BC7881511643}.Release|Any CPU.ActiveCfg = Release|Any CPU
		{24A099DE-D502-49DA-875F-BC7881511643}.Release|Any CPU.Build.0 = Release|Any CPU
		{FB7DED5A-8C1F-48FC-A64F-6AF328CAEBF7}.Debug|Any CPU.ActiveCfg = Debug|Any CPU
		{FB7DED5A-8C1F-48FC-A64F-6AF328CAEBF7}.Debug|Any CPU.Build.0 = Debug|Any CPU
		{FB7DED5A-8C1F-48FC-A64F-6AF328CAEBF7}.Release|Any CPU.ActiveCfg = Release|Any CPU
		{FB7DED5A-8C1F-48FC-A64F-6AF328CAEBF7}.Release|Any CPU.Build.0 = Release|Any CPU
		{CD85C411-6821-4927-A329-DA8016EC0F4B}.Debug|Any CPU.ActiveCfg = Debug|Any CPU
		{CD85C411-6821-4927-A329-DA8016EC0F4B}.Debug|Any CPU.Build.0 = Debug|Any CPU
		{CD85C411-6821-4927-A329-DA8016EC0F4B}.Release|Any CPU.ActiveCfg = Release|Any CPU
		{CD85C411-6821-4927-A329-DA8016EC0F4B}.Release|Any CPU.Build.0 = Release|Any CPU
		{6B0672AB-78FE-4BC9-A04D-7E47630E3791}.Debug|Any CPU.ActiveCfg = Debug|Any CPU
		{6B0672AB-78FE-4BC9-A04D-7E47630E3791}.Debug|Any CPU.Build.0 = Debug|Any CPU
		{6B0672AB-78FE-4BC9-A04D-7E47630E3791}.Release|Any CPU.ActiveCfg = Release|Any CPU
		{6B0672AB-78FE-4BC9-A04D-7E47630E3791}.Release|Any CPU.Build.0 = Release|Any CPU
	EndGlobalSection
	GlobalSection(SolutionProperties) = preSolution
		HideSolutionNode = FALSE
	EndGlobalSection
EndGlobal
